
Microsoft Visual Studio Solution File, Format Version 12.00
# Visual Studio Version 17
VisualStudioVersion = 17.14.36203.30 d17.14
MinimumVisualStudioVersion = 10.0.40219.1
Project("{FAE04EC0-301F-11D3-BF4B-00C04F79EFBC}") = "TilingWindowManager", "TilingWindowManager\TilingWindowManager.csproj", "{C2E6B36D-D06B-4CE0-A759-97487F913EDB}"
EndProject
Global
	GlobalSection(SolutionConfigurationPlatforms) = preSolution
		Debug|Any CPU = Debug|Any CPU
		Release|Any CPU = Release|Any CPU
	EndGlobalSection
	GlobalSection(ProjectConfigurationPlatforms) = postSolution
		{C2E6B36D-D06B-4CE0-A759-97487F913EDB}.Debug|Any CPU.ActiveCfg = Debug|Any CPU
		{C2E6B36D-D06B-4CE0-A759-97487F913EDB}.Debug|Any CPU.Build.0 = Debug|Any CPU
		{C2E6B36D-D06B-4CE0-A759-97487F913EDB}.Release|Any CPU.ActiveCfg = Release|Any CPU
		{C2E6B36D-D06B-4CE0-A759-97487F913EDB}.Release|Any CPU.Build.0 = Release|Any CPU
	EndGlobalSection
	GlobalSection(SolutionProperties) = preSolution
		HideSolutionNode = FALSE
	EndGlobalSection
	GlobalSection(ExtensibilityGlobals) = postSolution
		SolutionGuid = {0F793985-FB12-4186-98D9-47D1EC100E24}
	EndGlobalSection
EndGlobal
