Microsoft Visual Studio Solution File, Format Version 12.00
# Visual Studio Version 17
VisualStudioVersion = 17.5.2.0
MinimumVisualStudioVersion = 10.0.40219.1
Project("{FAE04EC0-301F-11D3-BF4B-00C04F79EFBC}") = "TilingWindowManager", "TilingWindowManager.csproj", "{6F8DA52A-CC27-0C04-59AD-CFB9E2EEFF93}"
EndProject
Global
	GlobalSection(SolutionConfigurationPlatforms) = preSolution
		Debug|Any CPU = Debug|Any CPU
		Release|Any CPU = Release|Any CPU
	EndGlobalSection
	GlobalSection(ProjectConfigurationPlatforms) = postSolution
		{6F8DA52A-CC27-0C04-59AD-CFB9E2EEFF93}.Debug|Any CPU.ActiveCfg = Debug|Any CPU
		{6F8DA52A-CC27-0C04-59AD-CFB9E2EEFF93}.Debug|Any CPU.Build.0 = Debug|Any CPU
		{6F8DA52A-CC27-0C04-59AD-CFB9E2EEFF93}.Release|Any CPU.ActiveCfg = Release|Any CPU
		{6F8DA52A-CC27-0C04-59AD-CFB9E2EEFF93}.Release|Any CPU.Build.0 = Release|Any CPU
	EndGlobalSection
	GlobalSection(SolutionProperties) = preSolution
		HideSolutionNode = FALSE
	EndGlobalSection
	GlobalSection(ExtensibilityGlobals) = postSolution
		SolutionGuid = {2B5955EE-8E78-4A25-BC38-69EC3B41B4F2}
	EndGlobalSection
EndGlobal
